// !$*UTF8*$!
{
	archiveVersion = 1;
	classes = {
	};
	objectVersion = 50;
	objects = {

/* Begin PBXBuildFile section */
		3D61E11228CB93DA0017F22D /* Fondomusic.mp3 in Resources */ = {isa = PBXBuildFile; fileRef = 3D61E11128CB93DA0017F22D /* Fondomusic.mp3 */; };
		3DDA791A28C63EFD00288708 /* AppDelegate.swift in Sources */ = {isa = PBXBuildFile; fileRef = 3DDA791928C63EFD00288708 /* AppDelegate.swift */; };
		3DDA791C28C63EFD00288708 /* ViewController.swift in Sources */ = {isa = PBXBuildFile; fileRef = 3DDA791B28C63EFD00288708 /* ViewController.swift */; };
		3DDA791F28C63EFD00288708 /* Main.storyboard in Resources */ = {isa = PBXBuildFile; fileRef = 3DDA791D28C63EFD00288708 /* Main.storyboard */; };
		3DDA792128C63F0D00288708 /* Assets.xcassets in Resources */ = {isa = PBXBuildFile; fileRef = 3DDA792028C63F0D00288708 /* Assets.xcassets */; };
		3DDA792428C63F0E00288708 /* LaunchScreen.storyboard in Resources */ = {isa = PBXBuildFile; fileRef = 3DDA792228C63F0E00288708 /* LaunchScreen.storyboard */; };
		3DDA792F28C63F0E00288708 /* Proyecto_1Tests.swift in Sources */ = {isa = PBXBuildFile; fileRef = 3DDA792E28C63F0E00288708 /* Proyecto_1Tests.swift */; };
		3DDA793A28C63F0E00288708 /* Proyecto_1UITests.swift in Sources */ = {isa = PBXBuildFile; fileRef = 3DDA793928C63F0E00288708 /* Proyecto_1UITests.swift */; };
		3DDA794A28C64D2700288708 /* One Crayon.ttf in Resources */ = {isa = PBXBuildFile; fileRef = 3DDA794928C64D2600288708 /* One Crayon.ttf */; };
		3DDDD5DD28CF82C20066923E /* Spades.mp3 in Resources */ = {isa = PBXBuildFile; fileRef = 3DDDD5DA28CF82C20066923E /* Spades.mp3 */; };
		3DDDD5DE28CF82C20066923E /* Clover.mp3 in Resources */ = {isa = PBXBuildFile; fileRef = 3DDDD5DB28CF82C20066923E /* Clover.mp3 */; };
		3DDDD5DF28CF82C20066923E /* Diamond.mp3 in Resources */ = {isa = PBXBuildFile; fileRef = 3DDDD5DC28CF82C20066923E /* Diamond.mp3 */; };
/* End PBXBuildFile section */

/* Begin PBXContainerItemProxy section */
		3DDA792B28C63F0E00288708 /* PBXContainerItemProxy */ = {
			isa = PBXContainerItemProxy;
			containerPortal = 3DDA790E28C63EFC00288708 /* Project object */;
			proxyType = 1;
			remoteGlobalIDString = 3DDA791528C63EFD00288708;
			remoteInfo = Proyecto_1;
		};
		3DDA793628C63F0E00288708 /* PBXContainerItemProxy */ = {
			isa = PBXContainerItemProxy;
			containerPortal = 3DDA790E28C63EFC00288708 /* Project object */;
			proxyType = 1;
			remoteGlobalIDString = 3DDA791528C63EFD00288708;
			remoteInfo = Proyecto_1;
		};
/* End PBXContainerItemProxy section */

/* Begin PBXFileReference section */
		3D61E11128CB93DA0017F22D /* Fondomusic.mp3 */ = {isa = PBXFileReference; lastKnownFileType = audio.mp3; path = Fondomusic.mp3; sourceTree = "<group>"; };
		3DDA791628C63EFD00288708 /* CAЯDS.app */ = {isa = PBXFileReference; explicitFileType = wrapper.application; includeInIndex = 0; path = "CAЯDS.app"; sourceTree = BUILT_PRODUCTS_DIR; };
		3DDA791928C63EFD00288708 /* AppDelegate.swift */ = {isa = PBXFileReference; lastKnownFileType = sourcecode.swift; path = AppDelegate.swift; sourceTree = "<group>"; };
		3DDA791B28C63EFD00288708 /* ViewController.swift */ = {isa = PBXFileReference; lastKnownFileType = sourcecode.swift; path = ViewController.swift; sourceTree = "<group>"; };
		3DDA791E28C63EFD00288708 /* Base */ = {isa = PBXFileReference; lastKnownFileType = file.storyboard; name = Base; path = Base.lproj/Main.storyboard; sourceTree = "<group>"; };
		3DDA792028C63F0D00288708 /* Assets.xcassets */ = {isa = PBXFileReference; lastKnownFileType = folder.assetcatalog; path = Assets.xcassets; sourceTree = "<group>"; };
		3DDA792328C63F0E00288708 /* Base */ = {isa = PBXFileReference; lastKnownFileType = file.storyboard; name = Base; path = Base.lproj/LaunchScreen.storyboard; sourceTree = "<group>"; };
		3DDA792528C63F0E00288708 /* Info.plist */ = {isa = PBXFileReference; lastKnownFileType = text.plist.xml; path = Info.plist; sourceTree = "<group>"; };
		3DDA792A28C63F0E00288708 /* Proyecto_1Tests.xctest */ = {isa = PBXFileReference; explicitFileType = wrapper.cfbundle; includeInIndex = 0; path = Proyecto_1Tests.xctest; sourceTree = BUILT_PRODUCTS_DIR; };
		3DDA792E28C63F0E00288708 /* Proyecto_1Tests.swift */ = {isa = PBXFileReference; lastKnownFileType = sourcecode.swift; path = Proyecto_1Tests.swift; sourceTree = "<group>"; };
		3DDA793028C63F0E00288708 /* Info.plist */ = {isa = PBXFileReference; lastKnownFileType = text.plist.xml; path = Info.plist; sourceTree = "<group>"; };
		3DDA793528C63F0E00288708 /* Proyecto_1UITests.xctest */ = {isa = PBXFileReference; explicitFileType = wrapper.cfbundle; includeInIndex = 0; path = Proyecto_1UITests.xctest; sourceTree = BUILT_PRODUCTS_DIR; };
		3DDA793928C63F0E00288708 /* Proyecto_1UITests.swift */ = {isa = PBXFileReference; lastKnownFileType = sourcecode.swift; path = Proyecto_1UITests.swift; sourceTree = "<group>"; };
		3DDA793B28C63F0E00288708 /* Info.plist */ = {isa = PBXFileReference; lastKnownFileType = text.plist.xml; path = Info.plist; sourceTree = "<group>"; };
		3DDA794928C64D2600288708 /* One Crayon.ttf */ = {isa = PBXFileReference; lastKnownFileType = file; path = "One Crayon.ttf"; sourceTree = "<group>"; };
		3DDDD5DA28CF82C20066923E /* Spades.mp3 */ = {isa = PBXFileReference; lastKnownFileType = audio.mp3; path = Spades.mp3; sourceTree = "<group>"; };
		3DDDD5DB28CF82C20066923E /* Clover.mp3 */ = {isa = PBXFileReference; lastKnownFileType = audio.mp3; path = Clover.mp3; sourceTree = "<group>"; };
		3DDDD5DC28CF82C20066923E /* Diamond.mp3 */ = {isa = PBXFileReference; lastKnownFileType = audio.mp3; path = Diamond.mp3; sourceTree = "<group>"; };
/* End PBXFileReference section */

/* Begin PBXFrameworksBuildPhase section */
		3DDA791328C63EFD00288708 /* Frameworks */ = {
			isa = PBXFrameworksBuildPhase;
			buildActionMask = 2147483647;
			files = (
			);
			runOnlyForDeploymentPostprocessing = 0;
		};
		3DDA792728C63F0E00288708 /* Frameworks */ = {
			isa = PBXFrameworksBuildPhase;
			buildActionMask = 2147483647;
			files = (
			);
			runOnlyForDeploymentPostprocessing = 0;
		};
		3DDA793228C63F0E00288708 /* Frameworks */ = {
			isa = PBXFrameworksBuildPhase;
			buildActionMask = 2147483647;
			files = (
			);
			runOnlyForDeploymentPostprocessing = 0;
		};
/* End PBXFrameworksBuildPhase section */

/* Begin PBXGroup section */
		3DDA790D28C63EFC00288708 = {
			isa = PBXGroup;
			children = (
				3DDA791828C63EFD00288708 /* Proyecto_1 */,
				3DDA792D28C63F0E00288708 /* Proyecto_1Tests */,
				3DDA793828C63F0E00288708 /* Proyecto_1UITests */,
				3DDA791728C63EFD00288708 /* Products */,
			);
			sourceTree = "<group>";
		};
		3DDA791728C63EFD00288708 /* Products */ = {
			isa = PBXGroup;
			children = (
				3DDA791628C63EFD00288708 /* CAЯDS.app */,
				3DDA792A28C63F0E00288708 /* Proyecto_1Tests.xctest */,
				3DDA793528C63F0E00288708 /* Proyecto_1UITests.xctest */,
			);
			name = Products;
			sourceTree = "<group>";
		};
		3DDA791828C63EFD00288708 /* Proyecto_1 */ = {
			isa = PBXGroup;
			children = (
				3DDA794928C64D2600288708 /* One Crayon.ttf */,
				3DDDD5DB28CF82C20066923E /* Clover.mp3 */,
				3DDDD5DC28CF82C20066923E /* Diamond.mp3 */,
				3DDDD5DA28CF82C20066923E /* Spades.mp3 */,
				3D61E11128CB93DA0017F22D /* Fondomusic.mp3 */,
				3DDA791928C63EFD00288708 /* AppDelegate.swift */,
				3DDA791B28C63EFD00288708 /* ViewController.swift */,
				3DDA791D28C63EFD00288708 /* Main.storyboard */,
				3DDA792028C63F0D00288708 /* Assets.xcassets */,
				3DDA792228C63F0E00288708 /* LaunchScreen.storyboard */,
				3DDA792528C63F0E00288708 /* Info.plist */,
			);
			path = Proyecto_1;
			sourceTree = "<group>";
		};
		3DDA792D28C63F0E00288708 /* Proyecto_1Tests */ = {
			isa = PBXGroup;
			children = (
				3DDA792E28C63F0E00288708 /* Proyecto_1Tests.swift */,
				3DDA793028C63F0E00288708 /* Info.plist */,
			);
			path = Proyecto_1Tests;
			sourceTree = "<group>";
		};
		3DDA793828C63F0E00288708 /* Proyecto_1UITests */ = {
			isa = PBXGroup;
			children = (
				3DDA793928C63F0E00288708 /* Proyecto_1UITests.swift */,
				3DDA793B28C63F0E00288708 /* Info.plist */,
			);
			path = Proyecto_1UITests;
			sourceTree = "<group>";
		};
/* End PBXGroup section */

/* Begin PBXNativeTarget section */
		3DDA791528C63EFD00288708 /* Proyecto_1 */ = {
			isa = PBXNativeTarget;
			buildConfigurationList = 3DDA793E28C63F0E00288708 /* Build configuration list for PBXNativeTarget "Proyecto_1" */;
			buildPhases = (
				3DDA791228C63EFD00288708 /* Sources */,
				3DDA791328C63EFD00288708 /* Frameworks */,
				3DDA791428C63EFD00288708 /* Resources */,
			);
			buildRules = (
			);
			dependencies = (
			);
			name = Proyecto_1;
			productName = Proyecto_1;
			productReference = 3DDA791628C63EFD00288708 /* CAЯDS.app */;
			productType = "com.apple.product-type.application";
		};
		3DDA792928C63F0E00288708 /* Proyecto_1Tests */ = {
			isa = PBXNativeTarget;
			buildConfigurationList = 3DDA794128C63F0E00288708 /* Build configuration list for PBXNativeTarget "Proyecto_1Tests" */;
			buildPhases = (
				3DDA792628C63F0E00288708 /* Sources */,
				3DDA792728C63F0E00288708 /* Frameworks */,
				3DDA792828C63F0E00288708 /* Resources */,
			);
			buildRules = (
			);
			dependencies = (
				3DDA792C28C63F0E00288708 /* PBXTargetDependency */,
			);
			name = Proyecto_1Tests;
			productName = Proyecto_1Tests;
			productReference = 3DDA792A28C63F0E00288708 /* Proyecto_1Tests.xctest */;
			productType = "com.apple.product-type.bundle.unit-test";
		};
		3DDA793428C63F0E00288708 /* Proyecto_1UITests */ = {
			isa = PBXNativeTarget;
			buildConfigurationList = 3DDA794428C63F0E00288708 /* Build configuration list for PBXNativeTarget "Proyecto_1UITests" */;
			buildPhases = (
				3DDA793128C63F0E00288708 /* Sources */,
				3DDA793228C63F0E00288708 /* Frameworks */,
				3DDA793328C63F0E00288708 /* Resources */,
			);
			buildRules = (
			);
			dependencies = (
				3DDA793728C63F0E00288708 /* PBXTargetDependency */,
			);
			name = Proyecto_1UITests;
			productName = Proyecto_1UITests;
			productReference = 3DDA793528C63F0E00288708 /* Proyecto_1UITests.xctest */;
			productType = "com.apple.product-type.bundle.ui-testing";
		};
/* End PBXNativeTarget section */

/* Begin PBXProject section */
		3DDA790E28C63EFC00288708 /* Project object */ = {
			isa = PBXProject;
			attributes = {
				LastSwiftUpdateCheck = 0940;
				LastUpgradeCheck = 0940;
				ORGANIZATIONNAME = Alumno;
				TargetAttributes = {
					3DDA791528C63EFD00288708 = {
						CreatedOnToolsVersion = 9.4.1;
					};
					3DDA792928C63F0E00288708 = {
						CreatedOnToolsVersion = 9.4.1;
						TestTargetID = 3DDA791528C63EFD00288708;
					};
					3DDA793428C63F0E00288708 = {
						CreatedOnToolsVersion = 9.4.1;
						TestTargetID = 3DDA791528C63EFD00288708;
					};
				};
			};
			buildConfigurationList = 3DDA791128C63EFD00288708 /* Build configuration list for PBXProject "Proyecto_1" */;
			compatibilityVersion = "Xcode 9.3";
			developmentRegion = en;
			hasScannedForEncodings = 0;
			knownRegions = (
				en,
				Base,
			);
			mainGroup = 3DDA790D28C63EFC00288708;
			productRefGroup = 3DDA791728C63EFD00288708 /* Products */;
			projectDirPath = "";
			projectRoot = "";
			targets = (
				3DDA791528C63EFD00288708 /* Proyecto_1 */,
				3DDA792928C63F0E00288708 /* Proyecto_1Tests */,
				3DDA793428C63F0E00288708 /* Proyecto_1UITests */,
			);
		};
/* End PBXProject section */

/* Begin PBXResourcesBuildPhase section */
		3DDA791428C63EFD00288708 /* Resources */ = {
			isa = PBXResourcesBuildPhase;
			buildActionMask = 2147483647;
			files = (
				3DDA794A28C64D2700288708 /* One Crayon.ttf in Resources */,
				3D61E11228CB93DA0017F22D /* Fondomusic.mp3 in Resources */,
				3DDDD5DE28CF82C20066923E /* Clover.mp3 in Resources */,
				3DDA792428C63F0E00288708 /* LaunchScreen.storyboard in Resources */,
				3DDA792128C63F0D00288708 /* Assets.xcassets in Resources */,
				3DDDD5DF28CF82C20066923E /* Diamond.mp3 in Resources */,
				3DDDD5DD28CF82C20066923E /* Spades.mp3 in Resources */,
				3DDA791F28C63EFD00288708 /* Main.storyboard in Resources */,
			);
			runOnlyForDeploymentPostprocessing = 0;
		};
		3DDA792828C63F0E00288708 /* Resources */ = {
			isa = PBXResourcesBuildPhase;
			buildActionMask = 2147483647;
			files = (
			);
			runOnlyForDeploymentPostprocessing = 0;
		};
		3DDA793328C63F0E00288708 /* Resources */ = {
			isa = PBXResourcesBuildPhase;
			buildActionMask = 2147483647;
			files = (
			);
			runOnlyForDeploymentPostprocessing = 0;
		};
/* End PBXResourcesBuildPhase section */

/* Begin PBXSourcesBuildPhase section */
		3DDA791228C63EFD00288708 /* Sources */ = {
			isa = PBXSourcesBuildPhase;
			buildActionMask = 2147483647;
			files = (
				3DDA791C28C63EFD00288708 /* ViewController.swift in Sources */,
				3DDA791A28C63EFD00288708 /* AppDelegate.swift in Sources */,
			);
			runOnlyForDeploymentPostprocessing = 0;
		};
		3DDA792628C63F0E00288708 /* Sources */ = {
			isa = PBXSourcesBuildPhase;
			buildActionMask = 2147483647;
			files = (
				3DDA792F28C63F0E00288708 /* Proyecto_1Tests.swift in Sources */,
			);
			runOnlyForDeploymentPostprocessing = 0;
		};
		3DDA793128C63F0E00288708 /* Sources */ = {
			isa = PBXSourcesBuildPhase;
			buildActionMask = 2147483647;
			files = (
				3DDA793A28C63F0E00288708 /* Proyecto_1UITests.swift in Sources */,
			);
			runOnlyForDeploymentPostprocessing = 0;
		};
/* End PBXSourcesBuildPhase section */

/* Begin PBXTargetDependency section */
		3DDA792C28C63F0E00288708 /* PBXTargetDependency */ = {
			isa = PBXTargetDependency;
			target = 3DDA791528C63EFD00288708 /* Proyecto_1 */;
			targetProxy = 3DDA792B28C63F0E00288708 /* PBXContainerItemProxy */;
		};
		3DDA793728C63F0E00288708 /* PBXTargetDependency */ = {
			isa = PBXTargetDependency;
			target = 3DDA791528C63EFD00288708 /* Proyecto_1 */;
			targetProxy = 3DDA793628C63F0E00288708 /* PBXContainerItemProxy */;
		};
/* End PBXTargetDependency section */

/* Begin PBXVariantGroup section */
		3DDA791D28C63EFD00288708 /* Main.storyboard */ = {
			isa = PBXVariantGroup;
			children = (
				3DDA791E28C63EFD00288708 /* Base */,
			);
			name = Main.storyboard;
			sourceTree = "<group>";
		};
		3DDA792228C63F0E00288708 /* LaunchScreen.storyboard */ = {
			isa = PBXVariantGroup;
			children = (
				3DDA792328C63F0E00288708 /* Base */,
			);
			name = LaunchScreen.storyboard;
			sourceTree = "<group>";
		};
/* End PBXVariantGroup section */

/* Begin XCBuildConfiguration section */
		3DDA793C28C63F0E00288708 /* Debug */ = {
			isa = XCBuildConfiguration;
			buildSettings = {
				ALWAYS_SEARCH_USER_PATHS = NO;
				CLANG_ANALYZER_NONNULL = YES;
				CLANG_ANALYZER_NUMBER_OBJECT_CONVERSION = YES_AGGRESSIVE;
				CLANG_CXX_LANGUAGE_STANDARD = "gnu++14";
				CLANG_CXX_LIBRARY = "libc++";
				CLANG_ENABLE_MODULES = YES;
				CLANG_ENABLE_OBJC_ARC = YES;
				CLANG_ENABLE_OBJC_WEAK = YES;
				CLANG_WARN_BLOCK_CAPTURE_AUTORELEASING = YES;
				CLANG_WARN_BOOL_CONVERSION = YES;
				CLANG_WARN_COMMA = YES;
				CLANG_WARN_CONSTANT_CONVERSION = YES;
				CLANG_WARN_DEPRECATED_OBJC_IMPLEMENTATIONS = YES;
				CLANG_WARN_DIRECT_OBJC_ISA_USAGE = YES_ERROR;
				CLANG_WARN_DOCUMENTATION_COMMENTS = YES;
				CLANG_WARN_EMPTY_BODY = YES;
				CLANG_WARN_ENUM_CONVERSION = YES;
				CLANG_WARN_INFINITE_RECURSION = YES;
				CLANG_WARN_INT_CONVERSION = YES;
				CLANG_WARN_NON_LITERAL_NULL_CONVERSION = YES;
				CLANG_WARN_OBJC_IMPLICIT_RETAIN_SELF = YES;
				CLANG_WARN_OBJC_LITERAL_CONVERSION = YES;
				CLANG_WARN_OBJC_ROOT_CLASS = YES_ERROR;
				CLANG_WARN_RANGE_LOOP_ANALYSIS = YES;
				CLANG_WARN_STRICT_PROTOTYPES = YES;
				CLANG_WARN_SUSPICIOUS_MOVE = YES;
				CLANG_WARN_UNGUARDED_AVAILABILITY = YES_AGGRESSIVE;
				CLANG_WARN_UNREACHABLE_CODE = YES;
				CLANG_WARN__DUPLICATE_METHOD_MATCH = YES;
				CODE_SIGN_IDENTITY = "iPhone Developer";
				COPY_PHASE_STRIP = NO;
				DEBUG_INFORMATION_FORMAT = dwarf;
				ENABLE_STRICT_OBJC_MSGSEND = YES;
				ENABLE_TESTABILITY = YES;
				GCC_C_LANGUAGE_STANDARD = gnu11;
				GCC_DYNAMIC_NO_PIC = NO;
				GCC_NO_COMMON_BLOCKS = YES;
				GCC_OPTIMIZATION_LEVEL = 0;
				GCC_PREPROCESSOR_DEFINITIONS = (
					"DEBUG=1",
					"$(inherited)",
				);
				GCC_WARN_64_TO_32_BIT_CONVERSION = YES;
				GCC_WARN_ABOUT_RETURN_TYPE = YES_ERROR;
				GCC_WARN_UNDECLARED_SELECTOR = YES;
				GCC_WARN_UNINITIALIZED_AUTOS = YES_AGGRESSIVE;
				GCC_WARN_UNUSED_FUNCTION = YES;
				GCC_WARN_UNUSED_VARIABLE = YES;
				IPHONEOS_DEPLOYMENT_TARGET = 11.4;
				MTL_ENABLE_DEBUG_INFO = YES;
				ONLY_ACTIVE_ARCH = YES;
				SDKROOT = iphoneos;
				SWIFT_ACTIVE_COMPILATION_CONDITIONS = DEBUG;
				SWIFT_OPTIMIZATION_LEVEL = "-Onone";
			};
			name = Debug;
		};
		3DDA793D28C63F0E00288708 /* Release */ = {
			isa = XCBuildConfiguration;
			buildSettings = {
				ALWAYS_SEARCH_USER_PATHS = NO;
				CLANG_ANALYZER_NONNULL = YES;
				CLANG_ANALYZER_NUMBER_OBJECT_CONVERSION = YES_AGGRESSIVE;
				CLANG_CXX_LANGUAGE_STANDARD = "gnu++14";
				CLANG_CXX_LIBRARY = "libc++";
				CLANG_ENABLE_MODULES = YES;
				CLANG_ENABLE_OBJC_ARC = YES;
				CLANG_ENABLE_OBJC_WEAK = YES;
				CLANG_WARN_BLOCK_CAPTURE_AUTORELEASING = YES;
				CLANG_WARN_BOOL_CONVERSION = YES;
				CLANG_WARN_COMMA = YES;
				CLANG_WARN_CONSTANT_CONVERSION = YES;
				CLANG_WARN_DEPRECATED_OBJC_IMPLEMENTATIONS = YES;
				CLANG_WARN_DIRECT_OBJC_ISA_USAGE = YES_ERROR;
				CLANG_WARN_DOCUMENTATION_COMMENTS = YES;
				CLANG_WARN_EMPTY_BODY = YES;
				CLANG_WARN_ENUM_CONVERSION = YES;
				CLANG_WARN_INFINITE_RECURSION = YES;
				CLANG_WARN_INT_CONVERSION = YES;
				CLANG_WARN_NON_LITERAL_NULL_CONVERSION = YES;
				CLANG_WARN_OBJC_IMPLICIT_RETAIN_SELF = YES;
				CLANG_WARN_OBJC_LITERAL_CONVERSION = YES;
				CLANG_WARN_OBJC_ROOT_CLASS = YES_ERROR;
				CLANG_WARN_RANGE_LOOP_ANALYSIS = YES;
				CLANG_WARN_STRICT_PROTOTYPES = YES;
				CLANG_WARN_SUSPICIOUS_MOVE = YES;
				CLANG_WARN_UNGUARDED_AVAILABILITY = YES_AGGRESSIVE;
				CLANG_WARN_UNREACHABLE_CODE = YES;
				CLANG_WARN__DUPLICATE_METHOD_MATCH = YES;
				CODE_SIGN_IDENTITY = "iPhone Developer";
				COPY_PHASE_STRIP = NO;
				DEBUG_INFORMATION_FORMAT = "dwarf-with-dsym";
				ENABLE_NS_ASSERTIONS = NO;
				ENABLE_STRICT_OBJC_MSGSEND = YES;
				GCC_C_LANGUAGE_STANDARD = gnu11;
				GCC_NO_COMMON_BLOCKS = YES;
				GCC_WARN_64_TO_32_BIT_CONVERSION = YES;
				GCC_WARN_ABOUT_RETURN_TYPE = YES_ERROR;
				GCC_WARN_UNDECLARED_SELECTOR = YES;
				GCC_WARN_UNINITIALIZED_AUTOS = YES_AGGRESSIVE;
				GCC_WARN_UNUSED_FUNCTION = YES;
				GCC_WARN_UNUSED_VARIABLE = YES;
				IPHONEOS_DEPLOYMENT_TARGET = 11.4;
				MTL_ENABLE_DEBUG_INFO = NO;
				SDKROOT = iphoneos;
				SWIFT_COMPILATION_MODE = wholemodule;
				SWIFT_OPTIMIZATION_LEVEL = "-O";
				VALIDATE_PRODUCT = YES;
			};
			name = Release;
		};
		3DDA793F28C63F0E00288708 /* Debug */ = {
			isa = XCBuildConfiguration;
			buildSettings = {
				ASSETCATALOG_COMPILER_APPICON_NAME = AppIcon;
				CODE_SIGN_STYLE = Automatic;
				INFOPLIST_FILE = Proyecto_1/Info.plist;
				LD_RUNPATH_SEARCH_PATHS = (
					"$(inherited)",
					"@executable_path/Frameworks",
				);
				PRODUCT_BUNDLE_IDENTIFIER = "edu.ulsa.Proyecto-1";
				PRODUCT_NAME = "CAЯDS";
				SWIFT_VERSION = 4.0;
				TARGETED_DEVICE_FAMILY = "1,2";
			};
			name = Debug;
		};
		3DDA794028C63F0E00288708 /* Release */ = {
			isa = XCBuildConfiguration;
			buildSettings = {
				ASSETCATALOG_COMPILER_APPICON_NAME = AppIcon;
				CODE_SIGN_STYLE = Automatic;
				INFOPLIST_FILE = Proyecto_1/Info.plist;
				LD_RUNPATH_SEARCH_PATHS = (
					"$(inherited)",
					"@executable_path/Frameworks",
				);
				PRODUCT_BUNDLE_IDENTIFIER = "edu.ulsa.Proyecto-1";
				PRODUCT_NAME = "CAЯDS";
				SWIFT_VERSION = 4.0;
				TARGETED_DEVICE_FAMILY = "1,2";
			};
			name = Release;
		};
		3DDA794228C63F0E00288708 /* Debug */ = {
			isa = XCBuildConfiguration;
			buildSettings = {
				ALWAYS_EMBED_SWIFT_STANDARD_LIBRARIES = YES;
				BUNDLE_LOADER = "$(TEST_HOST)";
				CODE_SIGN_STYLE = Automatic;
				INFOPLIST_FILE = Proyecto_1Tests/Info.plist;
				LD_RUNPATH_SEARCH_PATHS = (
					"$(inherited)",
					"@executable_path/Frameworks",
					"@loader_path/Frameworks",
				);
				PRODUCT_BUNDLE_IDENTIFIER = "edu.ulsa.Proyecto-1Tests";
				PRODUCT_NAME = "$(TARGET_NAME)";
				SWIFT_VERSION = 4.0;
				TARGETED_DEVICE_FAMILY = "1,2";
				TEST_HOST = "$(BUILT_PRODUCTS_DIR)/Proyecto_1.app/Proyecto_1";
			};
			name = Debug;
		};
		3DDA794328C63F0E00288708 /* Release */ = {
			isa = XCBuildConfiguration;
			buildSettings = {
				ALWAYS_EMBED_SWIFT_STANDARD_LIBRARIES = YES;
				BUNDLE_LOADER = "$(TEST_HOST)";
				CODE_SIGN_STYLE = Automatic;
				INFOPLIST_FILE = Proyecto_1Tests/Info.plist;
				LD_RUNPATH_SEARCH_PATHS = (
					"$(inherited)",
					"@executable_path/Frameworks",
					"@loader_path/Frameworks",
				);
				PRODUCT_BUNDLE_IDENTIFIER = "edu.ulsa.Proyecto-1Tests";
				PRODUCT_NAME = "$(TARGET_NAME)";
				SWIFT_VERSION = 4.0;
				TARGETED_DEVICE_FAMILY = "1,2";
				TEST_HOST = "$(BUILT_PRODUCTS_DIR)/Proyecto_1.app/Proyecto_1";
			};
			name = Release;
		};
		3DDA794528C63F0E00288708 /* Debug */ = {
			isa = XCBuildConfiguration;
			buildSettings = {
				ALWAYS_EMBED_SWIFT_STANDARD_LIBRARIES = YES;
				CODE_SIGN_STYLE = Automatic;
				INFOPLIST_FILE = Proyecto_1UITests/Info.plist;
				LD_RUNPATH_SEARCH_PATHS = (
					"$(inherited)",
					"@executable_path/Frameworks",
					"@loader_path/Frameworks",
				);
				PRODUCT_BUNDLE_IDENTIFIER = "edu.ulsa.Proyecto-1UITests";
				PRODUCT_NAME = "$(TARGET_NAME)";
				SWIFT_VERSION = 4.0;
				TARGETED_DEVICE_FAMILY = "1,2";
				TEST_TARGET_NAME = Proyecto_1;
			};
			name = Debug;
		};
		3DDA794628C63F0E00288708 /* Release */ = {
			isa = XCBuildConfiguration;
			buildSettings = {
				ALWAYS_EMBED_SWIFT_STANDARD_LIBRARIES = YES;
				CODE_SIGN_STYLE = Automatic;
				INFOPLIST_FILE = Proyecto_1UITests/Info.plist;
				LD_RUNPATH_SEARCH_PATHS = (
					"$(inherited)",
					"@executable_path/Frameworks",
					"@loader_path/Frameworks",
				);
				PRODUCT_BUNDLE_IDENTIFIER = "edu.ulsa.Proyecto-1UITests";
				PRODUCT_NAME = "$(TARGET_NAME)";
				SWIFT_VERSION = 4.0;
				TARGETED_DEVICE_FAMILY = "1,2";
				TEST_TARGET_NAME = Proyecto_1;
			};
			name = Release;
		};
/* End XCBuildConfiguration section */

/* Begin XCConfigurationList section */
		3DDA791128C63EFD00288708 /* Build configuration list for PBXProject "Proyecto_1" */ = {
			isa = XCConfigurationList;
			buildConfigurations = (
				3DDA793C28C63F0E00288708 /* Debug */,
				3DDA793D28C63F0E00288708 /* Release */,
			);
			defaultConfigurationIsVisible = 0;
			defaultConfigurationName = Release;
		};
		3DDA793E28C63F0E00288708 /* Build configuration list for PBXNativeTarget "Proyecto_1" */ = {
			isa = XCConfigurationList;
			buildConfigurations = (
				3DDA793F28C63F0E00288708 /* Debug */,
				3DDA794028C63F0E00288708 /* Release */,
			);
			defaultConfigurationIsVisible = 0;
			defaultConfigurationName = Release;
		};
		3DDA794128C63F0E00288708 /* Build configuration list for PBXNativeTarget "Proyecto_1Tests" */ = {
			isa = XCConfigurationList;
			buildConfigurations = (
				3DDA794228C63F0E00288708 /* Debug */,
				3DDA794328C63F0E00288708 /* Release */,
			);
			defaultConfigurationIsVisible = 0;
			defaultConfigurationName = Release;
		};
		3DDA794428C63F0E00288708 /* Build configuration list for PBXNativeTarget "Proyecto_1UITests" */ = {
			isa = XCConfigurationList;
			buildConfigurations = (
				3DDA794528C63F0E00288708 /* Debug */,
				3DDA794628C63F0E00288708 /* Release */,
			);
			defaultConfigurationIsVisible = 0;
			defaultConfigurationName = Release;
		};
/* End XCConfigurationList section */
	};
	rootObject = 3DDA790E28C63EFC00288708 /* Project object */;
}
